
Microsoft Visual Studio Solution File, Format Version 12.00
# Visual Studio Version 16
VisualStudioVersion = 16.0.29728.190
MinimumVisualStudioVersion = 10.0.40219.1
Project("{2150E333-8FDC-42A3-9474-1A3956D46DE8}") = "src", "src", "{AFAA0841-BD93-466F-B8F4-FB4EEC86F1FC}"
EndProject
Project("{2150E333-8FDC-42A3-9474-1A3956D46DE8}") = "test", "test", "{F10AA149-2626-486E-85BB-9CD5365F3016}"
EndProject
Project("{9A19103F-16F7-4668-BE54-9A1E7A4F7556}") = "Dukkan.Core", "src\Dukkan.Core\Dukkan.Core.csproj", "{0FA75A5B-AB83-4FD0-B545-279774C01E87}"
EndProject
Project("{9A19103F-16F7-4668-BE54-9A1E7A4F7556}") = "Dukkan.Tests", "test\Dukkan.Tests\Dukkan.Tests.csproj", "{0D4C5D00-C144-4213-A007-4B8944113AB1}"
EndProject
Project("{9A19103F-16F7-4668-BE54-9A1E7A4F7556}") = "Dukkan.Web.Host", "src\Dukkan.Web.Host\Dukkan.Web.Host.csproj", "{38E184BD-E874-4633-A947-AED4FDB73F40}"
EndProject
Project("{9A19103F-16F7-4668-BE54-9A1E7A4F7556}") = "Dukkan.Web.Core", "src\Dukkan.Web.Core\Dukkan.Web.Core.csproj", "{22CFE0D2-8DCA-42D7-AD7D-784C3862493F}"
EndProject
Project("{9A19103F-16F7-4668-BE54-9A1E7A4F7556}") = "Dukkan.Catalog", "src\Dukkan.Catalog\Dukkan.Catalog.csproj", "{453E5C9B-B02B-42DF-8633-4F950A230208}"
EndProject
Project("{FAE04EC0-301F-11D3-BF4B-00C04F79EFBC}") = "Dukkan.Zero", "src\Dukkan.Zero\Dukkan.Zero.csproj", "{F6EE8E49-908C-46EC-9B15-FBA9E84F838E}"
EndProject
Project("{FAE04EC0-301F-11D3-BF4B-00C04F79EFBC}") = "Dukkan.Catalog.Shared", "src\Dukkan.Catalog.Shared\Dukkan.Catalog.Shared.csproj", "{19195392-F0C4-446D-A40A-DB1686FAE7B2}"
EndProject
Project("{FAE04EC0-301F-11D3-BF4B-00C04F79EFBC}") = "Dukkan.Zero.Shared", "src\Dukkan.Zero.Shared\Dukkan.Zero.Shared.csproj", "{29DF7718-262F-4017-B42E-DAD9EE26E59D}"
EndProject
Project("{FAE04EC0-301F-11D3-BF4B-00C04F79EFBC}") = "Dukkan.Misc.Shared", "src\Dukkan.Misc.Shared\Dukkan.Misc.Shared.csproj", "{91F7D51C-8DDD-40A0-BC6D-8F24C139CDC8}"
EndProject
Project("{FAE04EC0-301F-11D3-BF4B-00C04F79EFBC}") = "Dukkan.Misc", "src\Dukkan.Misc\Dukkan.Misc.csproj", "{C7BCEC86-DFB5-4DFC-8509-8E2717D44EE3}"
EndProject
Global
	GlobalSection(SolutionConfigurationPlatforms) = preSolution
		Debug|Any CPU = Debug|Any CPU
		Release|Any CPU = Release|Any CPU
	EndGlobalSection
	GlobalSection(ProjectConfigurationPlatforms) = postSolution
		{0FA75A5B-AB83-4FD0-B545-279774C01E87}.Debug|Any CPU.ActiveCfg = Debug|Any CPU
		{0FA75A5B-AB83-4FD0-B545-279774C01E87}.Debug|Any CPU.Build.0 = Debug|Any CPU
		{0FA75A5B-AB83-4FD0-B545-279774C01E87}.Release|Any CPU.ActiveCfg = Release|Any CPU
		{0FA75A5B-AB83-4FD0-B545-279774C01E87}.Release|Any CPU.Build.0 = Release|Any CPU
		{0D4C5D00-C144-4213-A007-4B8944113AB1}.Debug|Any CPU.ActiveCfg = Debug|Any CPU
		{0D4C5D00-C144-4213-A007-4B8944113AB1}.Debug|Any CPU.Build.0 = Debug|Any CPU
		{0D4C5D00-C144-4213-A007-4B8944113AB1}.Release|Any CPU.ActiveCfg = Release|Any CPU
		{0D4C5D00-C144-4213-A007-4B8944113AB1}.Release|Any CPU.Build.0 = Release|Any CPU
		{38E184BD-E874-4633-A947-AED4FDB73F40}.Debug|Any CPU.ActiveCfg = Debug|Any CPU
		{38E184BD-E874-4633-A947-AED4FDB73F40}.Debug|Any CPU.Build.0 = Debug|Any CPU
		{38E184BD-E874-4633-A947-AED4FDB73F40}.Release|Any CPU.ActiveCfg = Release|Any CPU
		{38E184BD-E874-4633-A947-AED4FDB73F40}.Release|Any CPU.Build.0 = Release|Any CPU
		{22CFE0D2-8DCA-42D7-AD7D-784C3862493F}.Debug|Any CPU.ActiveCfg = Debug|Any CPU
		{22CFE0D2-8DCA-42D7-AD7D-784C3862493F}.Debug|Any CPU.Build.0 = Debug|Any CPU
		{22CFE0D2-8DCA-42D7-AD7D-784C3862493F}.Release|Any CPU.ActiveCfg = Release|Any CPU
		{22CFE0D2-8DCA-42D7-AD7D-784C3862493F}.Release|Any CPU.Build.0 = Release|Any CPU
		{453E5C9B-B02B-42DF-8633-4F950A230208}.Debug|Any CPU.ActiveCfg = Debug|Any CPU
		{453E5C9B-B02B-42DF-8633-4F950A230208}.Debug|Any CPU.Build.0 = Debug|Any CPU
		{453E5C9B-B02B-42DF-8633-4F950A230208}.Release|Any CPU.ActiveCfg = Release|Any CPU
		{453E5C9B-B02B-42DF-8633-4F950A230208}.Release|Any CPU.Build.0 = Release|Any CPU
		{F6EE8E49-908C-46EC-9B15-FBA9E84F838E}.Debug|Any CPU.ActiveCfg = Debug|Any CPU
		{F6EE8E49-908C-46EC-9B15-FBA9E84F838E}.Debug|Any CPU.Build.0 = Debug|Any CPU
		{F6EE8E49-908C-46EC-9B15-FBA9E84F838E}.Release|Any CPU.ActiveCfg = Release|Any CPU
		{F6EE8E49-908C-46EC-9B15-FBA9E84F838E}.Release|Any CPU.Build.0 = Release|Any CPU
		{19195392-F0C4-446D-A40A-DB1686FAE7B2}.Debug|Any CPU.ActiveCfg = Debug|Any CPU
		{19195392-F0C4-446D-A40A-DB1686FAE7B2}.Debug|Any CPU.Build.0 = Debug|Any CPU
		{19195392-F0C4-446D-A40A-DB1686FAE7B2}.Release|Any CPU.ActiveCfg = Release|Any CPU
		{19195392-F0C4-446D-A40A-DB1686FAE7B2}.Release|Any CPU.Build.0 = Release|Any CPU
		{29DF7718-262F-4017-B42E-DAD9EE26E59D}.Debug|Any CPU.ActiveCfg = Debug|Any CPU
		{29DF7718-262F-4017-B42E-DAD9EE26E59D}.Debug|Any CPU.Build.0 = Debug|Any CPU
		{29DF7718-262F-4017-B42E-DAD9EE26E59D}.Release|Any CPU.ActiveCfg = Release|Any CPU
		{29DF7718-262F-4017-B42E-DAD9EE26E59D}.Release|Any CPU.Build.0 = Release|Any CPU
		{91F7D51C-8DDD-40A0-BC6D-8F24C139CDC8}.Debug|Any CPU.ActiveCfg = Debug|Any CPU
		{91F7D51C-8DDD-40A0-BC6D-8F24C139CDC8}.Debug|Any CPU.Build.0 = Debug|Any CPU
		{91F7D51C-8DDD-40A0-BC6D-8F24C139CDC8}.Release|Any CPU.ActiveCfg = Release|Any CPU
		{91F7D51C-8DDD-40A0-BC6D-8F24C139CDC8}.Release|Any CPU.Build.0 = Release|Any CPU
		{C7BCEC86-DFB5-4DFC-8509-8E2717D44EE3}.Debug|Any CPU.ActiveCfg = Debug|Any CPU
		{C7BCEC86-DFB5-4DFC-8509-8E2717D44EE3}.Debug|Any CPU.Build.0 = Debug|Any CPU
		{C7BCEC86-DFB5-4DFC-8509-8E2717D44EE3}.Release|Any CPU.ActiveCfg = Release|Any CPU
		{C7BCEC86-DFB5-4DFC-8509-8E2717D44EE3}.Release|Any CPU.Build.0 = Release|Any CPU
	EndGlobalSection
	GlobalSection(SolutionProperties) = preSolution
		HideSolutionNode = FALSE
	EndGlobalSection
	GlobalSection(NestedProjects) = preSolution
		{0FA75A5B-AB83-4FD0-B545-279774C01E87} = {AFAA0841-BD93-466F-B8F4-FB4EEC86F1FC}
		{0D4C5D00-C144-4213-A007-4B8944113AB1} = {F10AA149-2626-486E-85BB-9CD5365F3016}
		{38E184BD-E874-4633-A947-AED4FDB73F40} = {AFAA0841-BD93-466F-B8F4-FB4EEC86F1FC}
		{22CFE0D2-8DCA-42D7-AD7D-784C3862493F} = {AFAA0841-BD93-466F-B8F4-FB4EEC86F1FC}
		{453E5C9B-B02B-42DF-8633-4F950A230208} = {AFAA0841-BD93-466F-B8F4-FB4EEC86F1FC}
		{F6EE8E49-908C-46EC-9B15-FBA9E84F838E} = {AFAA0841-BD93-466F-B8F4-FB4EEC86F1FC}
		{19195392-F0C4-446D-A40A-DB1686FAE7B2} = {AFAA0841-BD93-466F-B8F4-FB4EEC86F1FC}
		{29DF7718-262F-4017-B42E-DAD9EE26E59D} = {AFAA0841-BD93-466F-B8F4-FB4EEC86F1FC}
		{91F7D51C-8DDD-40A0-BC6D-8F24C139CDC8} = {AFAA0841-BD93-466F-B8F4-FB4EEC86F1FC}
		{C7BCEC86-DFB5-4DFC-8509-8E2717D44EE3} = {AFAA0841-BD93-466F-B8F4-FB4EEC86F1FC}
	EndGlobalSection
	GlobalSection(ExtensibilityGlobals) = postSolution
		SolutionGuid = {C34F5CFA-95D3-48BB-A8C6-848023C65097}
	EndGlobalSection
EndGlobal
